
Microsoft Visual Studio Solution File, Format Version 12.00
# Visual Studio Version 16
VisualStudioVersion = 16.0.30011.22
MinimumVisualStudioVersion = 10.0.40219.1
Project("{9A19103F-16F7-4668-BE54-9A1E7A4F7556}") = "zenDzeeMods_Heritage", "zenDzeeMods_Heritage.csproj", "{4DFBE652-AD9F-4199-8B2A-B1542DB92B2A}"
EndProject
Global
	GlobalSection(SolutionConfigurationPlatforms) = preSolution
		Debug|x64 = Debug|x64
		Release|x64 = Release|x64
	EndGlobalSection
	GlobalSection(ProjectConfigurationPlatforms) = postSolution
		{4DFBE652-AD9F-4199-8B2A-B1542DB92B2A}.Debug|x64.ActiveCfg = Debug|x64
		{4DFBE652-AD9F-4199-8B2A-B1542DB92B2A}.Debug|x64.Build.0 = Debug|x64
		{4DFBE652-AD9F-4199-8B2A-B1542DB92B2A}.Release|x64.ActiveCfg = Release|x64
		{4DFBE652-AD9F-4199-8B2A-B1542DB92B2A}.Release|x64.Build.0 = Release|x64
	EndGlobalSection
	GlobalSection(SolutionProperties) = preSolution
		HideSolutionNode = FALSE
	EndGlobalSection
	GlobalSection(ExtensibilityGlobals) = postSolution
		SolutionGuid = {333EEEF9-A654-4298-A4F6-48476DED1A42}
	EndGlobalSection
EndGlobal
